
Microsoft Visual Studio Solution File, Format Version 12.00
# Visual Studio Version 17
VisualStudioVersion = 17.9.34902.65
MinimumVisualStudioVersion = 10.0.40219.1
Project("{FAE04EC0-301F-11D3-BF4B-00C04F79EFBC}") = "CSharpAcademy.MathGame", "CSharpAcademy.MathGame.csproj", "{664B2B3A-1BD3-4DCB-A85A-384575BE758D}"
EndProject
Global
	GlobalSection(SolutionConfigurationPlatforms) = preSolution
		Debug|Any CPU = Debug|Any CPU
		Release|Any CPU = Release|Any CPU
	EndGlobalSection
	GlobalSection(ProjectConfigurationPlatforms) = postSolution
		{664B2B3A-1BD3-4DCB-A85A-384575BE758D}.Debug|Any CPU.ActiveCfg = Debug|Any CPU
		{664B2B3A-1BD3-4DCB-A85A-384575BE758D}.Debug|Any CPU.Build.0 = Debug|Any CPU
		{664B2B3A-1BD3-4DCB-A85A-384575BE758D}.Release|Any CPU.ActiveCfg = Release|Any CPU
		{664B2B3A-1BD3-4DCB-A85A-384575BE758D}.Release|Any CPU.Build.0 = Release|Any CPU
	EndGlobalSection
	GlobalSection(SolutionProperties) = preSolution
		HideSolutionNode = FALSE
	EndGlobalSection
	GlobalSection(ExtensibilityGlobals) = postSolution
		SolutionGuid = {6AB3670F-9858-4217-9563-C26ACAB35724}
	EndGlobalSection
EndGlobal
